
Microsoft Visual Studio Solution File, Format Version 12.00
# Visual Studio 2012
Project("{FAE04EC0-301F-11D3-BF4B-00C04F79EFBC}") = "data_gridkitleindex", "data_gridkitleindex\data_gridkitleindex.csproj", "{6C93DB63-F354-4F5E-9932-A812D566E562}"
EndProject
Global
	GlobalSection(SolutionConfigurationPlatforms) = preSolution
		Debug|Any CPU = Debug|Any CPU
		Release|Any CPU = Release|Any CPU
	EndGlobalSection
	GlobalSection(ProjectConfigurationPlatforms) = postSolution
		{6C93DB63-F354-4F5E-9932-A812D566E562}.Debug|Any CPU.ActiveCfg = Debug|Any CPU
		{6C93DB63-F354-4F5E-9932-A812D566E562}.Debug|Any CPU.Build.0 = Debug|Any CPU
		{6C93DB63-F354-4F5E-9932-A812D566E562}.Release|Any CPU.ActiveCfg = Release|Any CPU
		{6C93DB63-F354-4F5E-9932-A812D566E562}.Release|Any CPU.Build.0 = Release|Any CPU
	EndGlobalSection
	GlobalSection(SolutionProperties) = preSolution
		HideSolutionNode = FALSE
	EndGlobalSection
EndGlobal
